// !$*UTF8*$!
{
	archiveVersion = 1;
	classes = {
	};
	objectVersion = 56;
	objects = {

/* Begin PBXBuildFile section */
		D9876073CE3F46A3A653408F /* Pods_myApp.framework in Frameworks */ = {isa = PBXBuildFile; fileRef = 0C9BFD24DBE0AF1D8B0A08B0 /* Pods_myApp.framework */; };
		F623B0742A37BA1000289A17 /* ExampleDatabase.xcdatamodeld in Sources */ = {isa = PBXBuildFile; fileRef = F623B0722A37BA1000289A17 /* ExampleDatabase.xcdatamodeld */; };
		F623B0772A37BABC00289A17 /* FetchedObjects.swift in Sources */ = {isa = PBXBuildFile; fileRef = F623B0752A37BABC00289A17 /* FetchedObjects.swift */; };
		F623B0782A37BABC00289A17 /* Persistence.swift in Sources */ = {isa = PBXBuildFile; fileRef = F623B0762A37BABC00289A17 /* Persistence.swift */; };
		F623B0812A39BA2E00289A17 /* MenuItemDetailsView.swift in Sources */ = {isa = PBXBuildFile; fileRef = F623B0802A39BA2E00289A17 /* MenuItemDetailsView.swift */; };
		F623B0832A39D3B200289A17 /* DishEntity+CoreDataProperties.swift in Sources */ = {isa = PBXBuildFile; fileRef = F623B0822A39D3B200289A17 /* DishEntity+CoreDataProperties.swift */; };
		F623B0852A39D43700289A17 /* DishEntity+CoreDataClass.swift in Sources */ = {isa = PBXBuildFile; fileRef = F623B0842A39D43700289A17 /* DishEntity+CoreDataClass.swift */; };
		F62FC8312A326FE3000868D1 /* myAppApp.swift in Sources */ = {isa = PBXBuildFile; fileRef = F62FC8302A326FE3000868D1 /* myAppApp.swift */; };
		F62FC8352A326FE3000868D1 /* Assets.xcassets in Resources */ = {isa = PBXBuildFile; fileRef = F62FC8342A326FE3000868D1 /* Assets.xcassets */; };
		F62FC8382A326FE3000868D1 /* Preview Assets.xcassets in Resources */ = {isa = PBXBuildFile; fileRef = F62FC8372A326FE3000868D1 /* Preview Assets.xcassets */; };
		F63CF40D2A5D6FBF0034EE93 /* AuthenticationManager.swift in Sources */ = {isa = PBXBuildFile; fileRef = F63CF40C2A5D6FBF0034EE93 /* AuthenticationManager.swift */; };
		F640E3DD2A60A8E8006BDE55 /* AuthView.swift in Sources */ = {isa = PBXBuildFile; fileRef = F640E3DC2A60A8E8006BDE55 /* AuthView.swift */; };
		F662FBE82A3C7D5B00EB8C04 /* Header.swift in Sources */ = {isa = PBXBuildFile; fileRef = F662FBE72A3C7D5B00EB8C04 /* Header.swift */; };
		F662FBEA2A3C7D8000EB8C04 /* MenuBreakdown.swift in Sources */ = {isa = PBXBuildFile; fileRef = F662FBE92A3C7D8000EB8C04 /* MenuBreakdown.swift */; };
		F662FBED2A3C7F4500EB8C04 /* ViewModel.swift in Sources */ = {isa = PBXBuildFile; fileRef = F662FBEC2A3C7F4500EB8C04 /* ViewModel.swift */; };
		F668B8D62A687E2100E6F5C6 /* Reservation.swift in Sources */ = {isa = PBXBuildFile; fileRef = F668B8D52A687E2100E6F5C6 /* Reservation.swift */; };
		F668B8D82A687E5500E6F5C6 /* User.swift in Sources */ = {isa = PBXBuildFile; fileRef = F668B8D72A687E5500E6F5C6 /* User.swift */; };
		F668B8E92A6B10B500E6F5C6 /* ReservationForm.swift in Sources */ = {isa = PBXBuildFile; fileRef = F668B8E82A6B10B500E6F5C6 /* ReservationForm.swift */; };
		F668B8EB2A6B10D300E6F5C6 /* ReservationView.swift in Sources */ = {isa = PBXBuildFile; fileRef = F668B8EA2A6B10D300E6F5C6 /* ReservationView.swift */; };
		F668B8EE2A6B112600E6F5C6 /* RestaurantView.swift in Sources */ = {isa = PBXBuildFile; fileRef = F668B8ED2A6B112600E6F5C6 /* RestaurantView.swift */; };
		F668B8F02A6B118F00E6F5C6 /* LocationView.swift in Sources */ = {isa = PBXBuildFile; fileRef = F668B8EF2A6B118F00E6F5C6 /* LocationView.swift */; };
		F66FC3E72A3B161400CB02C7 /* FoodMenuList.swift in Sources */ = {isa = PBXBuildFile; fileRef = F66FC3E62A3B161400CB02C7 /* FoodMenuList.swift */; };
		F66FC3E92A3B527400CB02C7 /* Hero.swift in Sources */ = {isa = PBXBuildFile; fileRef = F66FC3E82A3B527400CB02C7 /* Hero.swift */; };
		F67179622A64727E00A37402 /* SplashScreenView.swift in Sources */ = {isa = PBXBuildFile; fileRef = F67179612A64727E00A37402 /* SplashScreenView.swift */; };
		F67179652A6584C500A37402 /* GoogleSignIn in Frameworks */ = {isa = PBXBuildFile; productRef = F67179642A6584C500A37402 /* GoogleSignIn */; };
		F67179672A6584C500A37402 /* GoogleSignInSwift in Frameworks */ = {isa = PBXBuildFile; productRef = F67179662A6584C500A37402 /* GoogleSignInSwift */; };
		F67179692A6591F900A37402 /* GoogleService-Info.plist in Resources */ = {isa = PBXBuildFile; fileRef = F67179682A6591F900A37402 /* GoogleService-Info.plist */; };
		F67311392A6342B5009657C5 /* ForgotPasswordView.swift in Sources */ = {isa = PBXBuildFile; fileRef = F67311382A6342B5009657C5 /* ForgotPasswordView.swift */; };
		F67B55BE2A7677E900318D87 /* ReservationCard.swift in Sources */ = {isa = PBXBuildFile; fileRef = F67B55BD2A7677E900318D87 /* ReservationCard.swift */; };
		F683B48D2A7145D20050DE86 /* FirestoreManager.swift in Sources */ = {isa = PBXBuildFile; fileRef = F683B48C2A7145D20050DE86 /* FirestoreManager.swift */; };
		F6A2C0B42A34FDFA005E31D4 /* Onboarding.swift in Sources */ = {isa = PBXBuildFile; fileRef = F6A2C0B32A34FDFA005E31D4 /* Onboarding.swift */; };
		F6BDE2202A366E8000FCE795 /* MarkaziText2.ttf in Resources */ = {isa = PBXBuildFile; fileRef = F6BDE21F2A366E8000FCE795 /* MarkaziText2.ttf */; };
		F6BDE2242A3670AA00FCE795 /* Karla-Regular.ttf in Resources */ = {isa = PBXBuildFile; fileRef = F6BDE2232A3670AA00FCE795 /* Karla-Regular.ttf */; };
		F6BDE2262A3728FE00FCE795 /* Home.swift in Sources */ = {isa = PBXBuildFile; fileRef = F6BDE2252A3728FE00FCE795 /* Home.swift */; };
		F6BDE2282A37294200FCE795 /* Menu.swift in Sources */ = {isa = PBXBuildFile; fileRef = F6BDE2272A37294200FCE795 /* Menu.swift */; };
		F6BDE2322A379CC000FCE795 /* Model.swift in Sources */ = {isa = PBXBuildFile; fileRef = F6BDE2312A379CC000FCE795 /* Model.swift */; };
		F6C8CA0F2A66A54C001FA531 /* Utilities.swift in Sources */ = {isa = PBXBuildFile; fileRef = F6C8CA0E2A66A54C001FA531 /* Utilities.swift */; };
		F6C8CA112A6723D3001FA531 /* UserProfile.swift in Sources */ = {isa = PBXBuildFile; fileRef = F6C8CA102A6723D3001FA531 /* UserProfile.swift */; };
/* End PBXBuildFile section */

/* Begin PBXFileReference section */
		00B36227F23598803E83691C /* Pods-myApp.debug.xcconfig */ = {isa = PBXFileReference; includeInIndex = 1; lastKnownFileType = text.xcconfig; name = "Pods-myApp.debug.xcconfig"; path = "Target Support Files/Pods-myApp/Pods-myApp.debug.xcconfig"; sourceTree = "<group>"; };
		0C9BFD24DBE0AF1D8B0A08B0 /* Pods_myApp.framework */ = {isa = PBXFileReference; explicitFileType = wrapper.framework; includeInIndex = 0; path = Pods_myApp.framework; sourceTree = BUILT_PRODUCTS_DIR; };
		43171CB3B4A7C7E6E95357C9 /* Pods-myApp.release.xcconfig */ = {isa = PBXFileReference; includeInIndex = 1; lastKnownFileType = text.xcconfig; name = "Pods-myApp.release.xcconfig"; path = "Target Support Files/Pods-myApp/Pods-myApp.release.xcconfig"; sourceTree = "<group>"; };
		F623B0732A37BA1000289A17 /* ExampleDatabase.xcdatamodel */ = {isa = PBXFileReference; lastKnownFileType = wrapper.xcdatamodel; path = ExampleDatabase.xcdatamodel; sourceTree = "<group>"; };
		F623B0752A37BABC00289A17 /* FetchedObjects.swift */ = {isa = PBXFileReference; fileEncoding = 4; lastKnownFileType = sourcecode.swift; path = FetchedObjects.swift; sourceTree = "<group>"; };
		F623B0762A37BABC00289A17 /* Persistence.swift */ = {isa = PBXFileReference; fileEncoding = 4; lastKnownFileType = sourcecode.swift; path = Persistence.swift; sourceTree = "<group>"; };
		F623B0802A39BA2E00289A17 /* MenuItemDetailsView.swift */ = {isa = PBXFileReference; lastKnownFileType = sourcecode.swift; path = MenuItemDetailsView.swift; sourceTree = "<group>"; };
		F623B0822A39D3B200289A17 /* DishEntity+CoreDataProperties.swift */ = {isa = PBXFileReference; lastKnownFileType = sourcecode.swift; path = "DishEntity+CoreDataProperties.swift"; sourceTree = "<group>"; };
		F623B0842A39D43700289A17 /* DishEntity+CoreDataClass.swift */ = {isa = PBXFileReference; fileEncoding = 4; lastKnownFileType = sourcecode.swift; path = "DishEntity+CoreDataClass.swift"; sourceTree = "<group>"; };
		F62FC82D2A326FE3000868D1 /* myApp.app */ = {isa = PBXFileReference; explicitFileType = wrapper.application; includeInIndex = 0; path = myApp.app; sourceTree = BUILT_PRODUCTS_DIR; };
		F62FC8302A326FE3000868D1 /* myAppApp.swift */ = {isa = PBXFileReference; lastKnownFileType = sourcecode.swift; path = myAppApp.swift; sourceTree = "<group>"; };
		F62FC8342A326FE3000868D1 /* Assets.xcassets */ = {isa = PBXFileReference; lastKnownFileType = folder.assetcatalog; path = Assets.xcassets; sourceTree = "<group>"; };
		F62FC8372A326FE3000868D1 /* Preview Assets.xcassets */ = {isa = PBXFileReference; lastKnownFileType = folder.assetcatalog; path = "Preview Assets.xcassets"; sourceTree = "<group>"; };
		F63CF4032A5CA3550034EE93 /* FirebaseAuth.framework */ = {isa = PBXFileReference; explicitFileType = wrapper.framework; path = FirebaseAuth.framework; sourceTree = BUILT_PRODUCTS_DIR; };
		F63CF40C2A5D6FBF0034EE93 /* AuthenticationManager.swift */ = {isa = PBXFileReference; lastKnownFileType = sourcecode.swift; path = AuthenticationManager.swift; sourceTree = "<group>"; };
		F640E3DC2A60A8E8006BDE55 /* AuthView.swift */ = {isa = PBXFileReference; lastKnownFileType = sourcecode.swift; path = AuthView.swift; sourceTree = "<group>"; };
		F662FBE72A3C7D5B00EB8C04 /* Header.swift */ = {isa = PBXFileReference; lastKnownFileType = sourcecode.swift; path = Header.swift; sourceTree = "<group>"; };
		F662FBE92A3C7D8000EB8C04 /* MenuBreakdown.swift */ = {isa = PBXFileReference; lastKnownFileType = sourcecode.swift; path = MenuBreakdown.swift; sourceTree = "<group>"; };
		F662FBEC2A3C7F4500EB8C04 /* ViewModel.swift */ = {isa = PBXFileReference; lastKnownFileType = sourcecode.swift; path = ViewModel.swift; sourceTree = "<group>"; };
		F668B8D52A687E2100E6F5C6 /* Reservation.swift */ = {isa = PBXFileReference; lastKnownFileType = sourcecode.swift; path = Reservation.swift; sourceTree = "<group>"; };
		F668B8D72A687E5500E6F5C6 /* User.swift */ = {isa = PBXFileReference; lastKnownFileType = sourcecode.swift; path = User.swift; sourceTree = "<group>"; };
		F668B8E82A6B10B500E6F5C6 /* ReservationForm.swift */ = {isa = PBXFileReference; lastKnownFileType = sourcecode.swift; path = ReservationForm.swift; sourceTree = "<group>"; };
		F668B8EA2A6B10D300E6F5C6 /* ReservationView.swift */ = {isa = PBXFileReference; lastKnownFileType = sourcecode.swift; path = ReservationView.swift; sourceTree = "<group>"; };
		F668B8ED2A6B112600E6F5C6 /* RestaurantView.swift */ = {isa = PBXFileReference; lastKnownFileType = sourcecode.swift; path = RestaurantView.swift; sourceTree = "<group>"; };
		F668B8EF2A6B118F00E6F5C6 /* LocationView.swift */ = {isa = PBXFileReference; lastKnownFileType = sourcecode.swift; path = LocationView.swift; sourceTree = "<group>"; };
		F66FC3E62A3B161400CB02C7 /* FoodMenuList.swift */ = {isa = PBXFileReference; lastKnownFileType = sourcecode.swift; path = FoodMenuList.swift; sourceTree = "<group>"; };
		F66FC3E82A3B527400CB02C7 /* Hero.swift */ = {isa = PBXFileReference; lastKnownFileType = sourcecode.swift; path = Hero.swift; sourceTree = "<group>"; };
		F67179612A64727E00A37402 /* SplashScreenView.swift */ = {isa = PBXFileReference; lastKnownFileType = sourcecode.swift; path = SplashScreenView.swift; sourceTree = "<group>"; };
		F67179682A6591F900A37402 /* GoogleService-Info.plist */ = {isa = PBXFileReference; fileEncoding = 4; lastKnownFileType = text.plist.xml; path = "GoogleService-Info.plist"; sourceTree = "<group>"; };
		F67311382A6342B5009657C5 /* ForgotPasswordView.swift */ = {isa = PBXFileReference; lastKnownFileType = sourcecode.swift; path = ForgotPasswordView.swift; sourceTree = "<group>"; };
		F67B55BD2A7677E900318D87 /* ReservationCard.swift */ = {isa = PBXFileReference; lastKnownFileType = sourcecode.swift; path = ReservationCard.swift; sourceTree = "<group>"; };
		F683B48C2A7145D20050DE86 /* FirestoreManager.swift */ = {isa = PBXFileReference; lastKnownFileType = sourcecode.swift; path = FirestoreManager.swift; sourceTree = "<group>"; };
		F6A2C0B32A34FDFA005E31D4 /* Onboarding.swift */ = {isa = PBXFileReference; lastKnownFileType = sourcecode.swift; path = Onboarding.swift; sourceTree = "<group>"; };
		F6BDE21E2A366CBC00FCE795 /* Info.plist */ = {isa = PBXFileReference; lastKnownFileType = text.plist; path = Info.plist; sourceTree = "<group>"; };
		F6BDE21F2A366E8000FCE795 /* MarkaziText2.ttf */ = {isa = PBXFileReference; lastKnownFileType = file; path = MarkaziText2.ttf; sourceTree = "<group>"; };
		F6BDE2232A3670AA00FCE795 /* Karla-Regular.ttf */ = {isa = PBXFileReference; lastKnownFileType = file; path = "Karla-Regular.ttf"; sourceTree = "<group>"; };
		F6BDE2252A3728FE00FCE795 /* Home.swift */ = {isa = PBXFileReference; lastKnownFileType = sourcecode.swift; path = Home.swift; sourceTree = "<group>"; };
		F6BDE2272A37294200FCE795 /* Menu.swift */ = {isa = PBXFileReference; lastKnownFileType = sourcecode.swift; path = Menu.swift; sourceTree = "<group>"; };
		F6BDE2312A379CC000FCE795 /* Model.swift */ = {isa = PBXFileReference; lastKnownFileType = sourcecode.swift; path = Model.swift; sourceTree = "<group>"; };
		F6C8CA0E2A66A54C001FA531 /* Utilities.swift */ = {isa = PBXFileReference; lastKnownFileType = sourcecode.swift; path = Utilities.swift; sourceTree = "<group>"; };
		F6C8CA102A6723D3001FA531 /* UserProfile.swift */ = {isa = PBXFileReference; lastKnownFileType = sourcecode.swift; path = UserProfile.swift; sourceTree = "<group>"; };
/* End PBXFileReference section */

/* Begin PBXFrameworksBuildPhase section */
		F62FC82A2A326FE3000868D1 /* Frameworks */ = {
			isa = PBXFrameworksBuildPhase;
			buildActionMask = 2147483647;
			files = (
				F67179672A6584C500A37402 /* GoogleSignInSwift in Frameworks */,
				D9876073CE3F46A3A653408F /* Pods_myApp.framework in Frameworks */,
				F67179652A6584C500A37402 /* GoogleSignIn in Frameworks */,
			);
			runOnlyForDeploymentPostprocessing = 0;
		};
/* End PBXFrameworksBuildPhase section */

/* Begin PBXGroup section */
		6E5FC0994B65419D71F506E4 /* Frameworks */ = {
			isa = PBXGroup;
			children = (
				F63CF4032A5CA3550034EE93 /* FirebaseAuth.framework */,
				0C9BFD24DBE0AF1D8B0A08B0 /* Pods_myApp.framework */,
			);
			name = Frameworks;
			sourceTree = "<group>";
		};
		776D7A015FD1A8A46FCAE46E /* Pods */ = {
			isa = PBXGroup;
			children = (
				00B36227F23598803E83691C /* Pods-myApp.debug.xcconfig */,
				43171CB3B4A7C7E6E95357C9 /* Pods-myApp.release.xcconfig */,
			);
			path = Pods;
			sourceTree = "<group>";
		};
		F623B06F2A379CFF00289A17 /* Model */ = {
			isa = PBXGroup;
			children = (
				F668B8D52A687E2100E6F5C6 /* Reservation.swift */,
				F668B8D72A687E5500E6F5C6 /* User.swift */,
				F6BDE2312A379CC000FCE795 /* Model.swift */,
				F623B0792A37BAF600289A17 /* DB */,
			);
			path = Model;
			sourceTree = "<group>";
		};
		F623B0792A37BAF600289A17 /* DB */ = {
			isa = PBXGroup;
			children = (
				F623B0822A39D3B200289A17 /* DishEntity+CoreDataProperties.swift */,
				F623B0752A37BABC00289A17 /* FetchedObjects.swift */,
				F623B0762A37BABC00289A17 /* Persistence.swift */,
				F623B0842A39D43700289A17 /* DishEntity+CoreDataClass.swift */,
				F623B0722A37BA1000289A17 /* ExampleDatabase.xcdatamodeld */,
			);
			path = DB;
			sourceTree = "<group>";
		};
		F62FC8242A326FE3000868D1 = {
			isa = PBXGroup;
			children = (
				F62FC82F2A326FE3000868D1 /* myApp */,
				F62FC82E2A326FE3000868D1 /* Products */,
				776D7A015FD1A8A46FCAE46E /* Pods */,
				6E5FC0994B65419D71F506E4 /* Frameworks */,
			);
			sourceTree = "<group>";
		};
		F62FC82E2A326FE3000868D1 /* Products */ = {
			isa = PBXGroup;
			children = (
				F62FC82D2A326FE3000868D1 /* myApp.app */,
			);
			name = Products;
			sourceTree = "<group>";
		};
		F62FC82F2A326FE3000868D1 /* myApp */ = {
			isa = PBXGroup;
			children = (
				F6C8CA0D2A66A537001FA531 /* Utilities */,
				F62FC8302A326FE3000868D1 /* myAppApp.swift */,
				F6BDE2292A37294B00FCE795 /* View */,
				F662FBEE2A3C7FE100EB8C04 /* ViewModel */,
				F623B06F2A379CFF00289A17 /* Model */,
				F6BDE2222A36705900FCE795 /* font */,
				F6BDE21E2A366CBC00FCE795 /* Info.plist */,
				F67179682A6591F900A37402 /* GoogleService-Info.plist */,
				F62FC8342A326FE3000868D1 /* Assets.xcassets */,
				F62FC8362A326FE3000868D1 /* Preview Content */,
			);
			path = myApp;
			sourceTree = "<group>";
		};
		F62FC8362A326FE3000868D1 /* Preview Content */ = {
			isa = PBXGroup;
			children = (
				F62FC8372A326FE3000868D1 /* Preview Assets.xcassets */,
			);
			path = "Preview Content";
			sourceTree = "<group>";
		};
		F648B44B2A5ED19400D231A9 /* AuthenticationLittleLemon */ = {
			isa = PBXGroup;
			children = (
				F6A2C0B32A34FDFA005E31D4 /* Onboarding.swift */,
				F640E3DC2A60A8E8006BDE55 /* AuthView.swift */,
				F67311382A6342B5009657C5 /* ForgotPasswordView.swift */,
				F67179612A64727E00A37402 /* SplashScreenView.swift */,
			);
			path = AuthenticationLittleLemon;
			sourceTree = "<group>";
		};
		F662FBEB2A3C7E0900EB8C04 /* MenuView */ = {
			isa = PBXGroup;
			children = (
				F6BDE2272A37294200FCE795 /* Menu.swift */,
				F623B0802A39BA2E00289A17 /* MenuItemDetailsView.swift */,
				F66FC3E82A3B527400CB02C7 /* Hero.swift */,
				F66FC3E62A3B161400CB02C7 /* FoodMenuList.swift */,
				F662FBE92A3C7D8000EB8C04 /* MenuBreakdown.swift */,
			);
			path = MenuView;
			sourceTree = "<group>";
		};
		F662FBEE2A3C7FE100EB8C04 /* ViewModel */ = {
			isa = PBXGroup;
			children = (
				F63CF40C2A5D6FBF0034EE93 /* AuthenticationManager.swift */,
				F662FBEC2A3C7F4500EB8C04 /* ViewModel.swift */,
				F683B48C2A7145D20050DE86 /* FirestoreManager.swift */,
			);
			path = ViewModel;
			sourceTree = "<group>";
		};
		F668B8E72A6B109800E6F5C6 /* ReservationForm */ = {
			isa = PBXGroup;
			children = (
				F668B8EC2A6B110500E6F5C6 /* Restaraunt */,
				F668B8E82A6B10B500E6F5C6 /* ReservationForm.swift */,
				F668B8EA2A6B10D300E6F5C6 /* ReservationView.swift */,
				F668B8EF2A6B118F00E6F5C6 /* LocationView.swift */,
				F67B55BD2A7677E900318D87 /* ReservationCard.swift */,
			);
			path = ReservationForm;
			sourceTree = "<group>";
		};
		F668B8EC2A6B110500E6F5C6 /* Restaraunt */ = {
			isa = PBXGroup;
			children = (
				F668B8ED2A6B112600E6F5C6 /* RestaurantView.swift */,
			);
			path = Restaraunt;
			sourceTree = "<group>";
		};
		F6BDE2222A36705900FCE795 /* font */ = {
			isa = PBXGroup;
			children = (
				F6BDE2232A3670AA00FCE795 /* Karla-Regular.ttf */,
				F6BDE21F2A366E8000FCE795 /* MarkaziText2.ttf */,
			);
			path = font;
			sourceTree = "<group>";
		};
		F6BDE2292A37294B00FCE795 /* View */ = {
			isa = PBXGroup;
			children = (
				F648B44B2A5ED19400D231A9 /* AuthenticationLittleLemon */,
				F668B8E72A6B109800E6F5C6 /* ReservationForm */,
				F6BDE2252A3728FE00FCE795 /* Home.swift */,
				F662FBE72A3C7D5B00EB8C04 /* Header.swift */,
				F6C8CA102A6723D3001FA531 /* UserProfile.swift */,
				F662FBEB2A3C7E0900EB8C04 /* MenuView */,
			);
			path = View;
			sourceTree = "<group>";
		};
		F6C8CA0D2A66A537001FA531 /* Utilities */ = {
			isa = PBXGroup;
			children = (
				F6C8CA0E2A66A54C001FA531 /* Utilities.swift */,
			);
			path = Utilities;
			sourceTree = "<group>";
		};
/* End PBXGroup section */

/* Begin PBXNativeTarget section */
		F62FC82C2A326FE3000868D1 /* myApp */ = {
			isa = PBXNativeTarget;
			buildConfigurationList = F62FC83B2A326FE3000868D1 /* Build configuration list for PBXNativeTarget "myApp" */;
			buildPhases = (
				7059489AA04CA92ADBFE8B8F /* [CP] Check Pods Manifest.lock */,
				F62FC8292A326FE3000868D1 /* Sources */,
				F62FC82A2A326FE3000868D1 /* Frameworks */,
				F62FC82B2A326FE3000868D1 /* Resources */,
				B564424B553F283365FA8ACA /* [CP] Embed Pods Frameworks */,
			);
			buildRules = (
			);
			dependencies = (
			);
			name = myApp;
			packageProductDependencies = (
				F67179642A6584C500A37402 /* GoogleSignIn */,
				F67179662A6584C500A37402 /* GoogleSignInSwift */,
			);
			productName = myApp;
			productReference = F62FC82D2A326FE3000868D1 /* myApp.app */;
			productType = "com.apple.product-type.application";
		};
/* End PBXNativeTarget section */

/* Begin PBXProject section */
		F62FC8252A326FE3000868D1 /* Project object */ = {
			isa = PBXProject;
			attributes = {
				BuildIndependentTargetsInParallel = 1;
				LastSwiftUpdateCheck = 1430;
				LastUpgradeCheck = 1430;
				TargetAttributes = {
					F62FC82C2A326FE3000868D1 = {
						CreatedOnToolsVersion = 14.3.1;
					};
				};
			};
			buildConfigurationList = F62FC8282A326FE3000868D1 /* Build configuration list for PBXProject "myApp" */;
			compatibilityVersion = "Xcode 14.0";
			developmentRegion = en;
			hasScannedForEncodings = 0;
			knownRegions = (
				en,
				Base,
			);
			mainGroup = F62FC8242A326FE3000868D1;
			packageReferences = (
				F67179632A6584C500A37402 /* XCRemoteSwiftPackageReference "GoogleSignIn-iOS" */,
			);
			productRefGroup = F62FC82E2A326FE3000868D1 /* Products */;
			projectDirPath = "";
			projectRoot = "";
			targets = (
				F62FC82C2A326FE3000868D1 /* myApp */,
			);
		};
/* End PBXProject section */

/* Begin PBXResourcesBuildPhase section */
		F62FC82B2A326FE3000868D1 /* Resources */ = {
			isa = PBXResourcesBuildPhase;
			buildActionMask = 2147483647;
			files = (
				F6BDE2202A366E8000FCE795 /* MarkaziText2.ttf in Resources */,
				F62FC8382A326FE3000868D1 /* Preview Assets.xcassets in Resources */,
				F62FC8352A326FE3000868D1 /* Assets.xcassets in Resources */,
				F6BDE2242A3670AA00FCE795 /* Karla-Regular.ttf in Resources */,
				F67179692A6591F900A37402 /* GoogleService-Info.plist in Resources */,
			);
			runOnlyForDeploymentPostprocessing = 0;
		};
/* End PBXResourcesBuildPhase section */

/* Begin PBXShellScriptBuildPhase section */
		7059489AA04CA92ADBFE8B8F /* [CP] Check Pods Manifest.lock */ = {
			isa = PBXShellScriptBuildPhase;
			buildActionMask = 2147483647;
			files = (
			);
			inputFileListPaths = (
			);
			inputPaths = (
				"${PODS_PODFILE_DIR_PATH}/Podfile.lock",
				"${PODS_ROOT}/Manifest.lock",
			);
			name = "[CP] Check Pods Manifest.lock";
			outputFileListPaths = (
			);
			outputPaths = (
				"$(DERIVED_FILE_DIR)/Pods-myApp-checkManifestLockResult.txt",
			);
			runOnlyForDeploymentPostprocessing = 0;
			shellPath = /bin/sh;
			shellScript = "diff \"${PODS_PODFILE_DIR_PATH}/Podfile.lock\" \"${PODS_ROOT}/Manifest.lock\" > /dev/null\nif [ $? != 0 ] ; then\n    # print error to STDERR\n    echo \"error: The sandbox is not in sync with the Podfile.lock. Run 'pod install' or update your CocoaPods installation.\" >&2\n    exit 1\nfi\n# This output is used by Xcode 'outputs' to avoid re-running this script phase.\necho \"SUCCESS\" > \"${SCRIPT_OUTPUT_FILE_0}\"\n";
			showEnvVarsInLog = 0;
		};
		B564424B553F283365FA8ACA /* [CP] Embed Pods Frameworks */ = {
			isa = PBXShellScriptBuildPhase;
			buildActionMask = 2147483647;
			files = (
			);
			inputFileListPaths = (
				"${PODS_ROOT}/Target Support Files/Pods-myApp/Pods-myApp-frameworks-${CONFIGURATION}-input-files.xcfilelist",
			);
			name = "[CP] Embed Pods Frameworks";
			outputFileListPaths = (
				"${PODS_ROOT}/Target Support Files/Pods-myApp/Pods-myApp-frameworks-${CONFIGURATION}-output-files.xcfilelist",
			);
			runOnlyForDeploymentPostprocessing = 0;
			shellPath = /bin/sh;
			shellScript = "\"${PODS_ROOT}/Target Support Files/Pods-myApp/Pods-myApp-frameworks.sh\"\n";
			showEnvVarsInLog = 0;
		};
/* End PBXShellScriptBuildPhase section */

/* Begin PBXSourcesBuildPhase section */
		F62FC8292A326FE3000868D1 /* Sources */ = {
			isa = PBXSourcesBuildPhase;
			buildActionMask = 2147483647;
			files = (
				F662FBEA2A3C7D8000EB8C04 /* MenuBreakdown.swift in Sources */,
				F623B0782A37BABC00289A17 /* Persistence.swift in Sources */,
				F6C8CA0F2A66A54C001FA531 /* Utilities.swift in Sources */,
				F623B0832A39D3B200289A17 /* DishEntity+CoreDataProperties.swift in Sources */,
				F623B0852A39D43700289A17 /* DishEntity+CoreDataClass.swift in Sources */,
				F668B8EE2A6B112600E6F5C6 /* RestaurantView.swift in Sources */,
				F6BDE2322A379CC000FCE795 /* Model.swift in Sources */,
				F6BDE2282A37294200FCE795 /* Menu.swift in Sources */,
				F662FBED2A3C7F4500EB8C04 /* ViewModel.swift in Sources */,
				F66FC3E72A3B161400CB02C7 /* FoodMenuList.swift in Sources */,
				F668B8EB2A6B10D300E6F5C6 /* ReservationView.swift in Sources */,
				F640E3DD2A60A8E8006BDE55 /* AuthView.swift in Sources */,
				F683B48D2A7145D20050DE86 /* FirestoreManager.swift in Sources */,
				F623B0812A39BA2E00289A17 /* MenuItemDetailsView.swift in Sources */,
				F623B0742A37BA1000289A17 /* ExampleDatabase.xcdatamodeld in Sources */,
				F623B0772A37BABC00289A17 /* FetchedObjects.swift in Sources */,
				F63CF40D2A5D6FBF0034EE93 /* AuthenticationManager.swift in Sources */,
				F67179622A64727E00A37402 /* SplashScreenView.swift in Sources */,
				F668B8D62A687E2100E6F5C6 /* Reservation.swift in Sources */,
				F668B8E92A6B10B500E6F5C6 /* ReservationForm.swift in Sources */,
				F662FBE82A3C7D5B00EB8C04 /* Header.swift in Sources */,
				F6C8CA112A6723D3001FA531 /* UserProfile.swift in Sources */,
				F62FC8312A326FE3000868D1 /* myAppApp.swift in Sources */,
				F66FC3E92A3B527400CB02C7 /* Hero.swift in Sources */,
				F67B55BE2A7677E900318D87 /* ReservationCard.swift in Sources */,
				F668B8D82A687E5500E6F5C6 /* User.swift in Sources */,
				F6BDE2262A3728FE00FCE795 /* Home.swift in Sources */,
				F668B8F02A6B118F00E6F5C6 /* LocationView.swift in Sources */,
				F67311392A6342B5009657C5 /* ForgotPasswordView.swift in Sources */,
				F6A2C0B42A34FDFA005E31D4 /* Onboarding.swift in Sources */,
			);
			runOnlyForDeploymentPostprocessing = 0;
		};
/* End PBXSourcesBuildPhase section */

/* Begin XCBuildConfiguration section */
		F62FC8392A326FE3000868D1 /* Debug */ = {
			isa = XCBuildConfiguration;
			buildSettings = {
				ALWAYS_SEARCH_USER_PATHS = NO;
				CLANG_ANALYZER_NONNULL = YES;
				CLANG_ANALYZER_NUMBER_OBJECT_CONVERSION = YES_AGGRESSIVE;
				CLANG_CXX_LANGUAGE_STANDARD = "gnu++20";
				CLANG_ENABLE_MODULES = YES;
				CLANG_ENABLE_OBJC_ARC = YES;
				CLANG_ENABLE_OBJC_WEAK = YES;
				CLANG_WARN_BLOCK_CAPTURE_AUTORELEASING = YES;
				CLANG_WARN_BOOL_CONVERSION = YES;
				CLANG_WARN_COMMA = YES;
				CLANG_WARN_CONSTANT_CONVERSION = YES;
				CLANG_WARN_DEPRECATED_OBJC_IMPLEMENTATIONS = YES;
				CLANG_WARN_DIRECT_OBJC_ISA_USAGE = YES_ERROR;
				CLANG_WARN_DOCUMENTATION_COMMENTS = YES;
				CLANG_WARN_EMPTY_BODY = YES;
				CLANG_WARN_ENUM_CONVERSION = YES;
				CLANG_WARN_INFINITE_RECURSION = YES;
				CLANG_WARN_INT_CONVERSION = YES;
				CLANG_WARN_NON_LITERAL_NULL_CONVERSION = YES;
				CLANG_WARN_OBJC_IMPLICIT_RETAIN_SELF = YES;
				CLANG_WARN_OBJC_LITERAL_CONVERSION = YES;
				CLANG_WARN_OBJC_ROOT_CLASS = YES_ERROR;
				CLANG_WARN_QUOTED_INCLUDE_IN_FRAMEWORK_HEADER = YES;
				CLANG_WARN_RANGE_LOOP_ANALYSIS = YES;
				CLANG_WARN_STRICT_PROTOTYPES = YES;
				CLANG_WARN_SUSPICIOUS_MOVE = YES;
				CLANG_WARN_UNGUARDED_AVAILABILITY = YES_AGGRESSIVE;
				CLANG_WARN_UNREACHABLE_CODE = YES;
				CLANG_WARN__DUPLICATE_METHOD_MATCH = YES;
				COPY_PHASE_STRIP = NO;
				DEBUG_INFORMATION_FORMAT = dwarf;
				ENABLE_STRICT_OBJC_MSGSEND = YES;
				ENABLE_TESTABILITY = YES;
				GCC_C_LANGUAGE_STANDARD = gnu11;
				GCC_DYNAMIC_NO_PIC = NO;
				GCC_NO_COMMON_BLOCKS = YES;
				GCC_OPTIMIZATION_LEVEL = 0;
				GCC_PREPROCESSOR_DEFINITIONS = (
					"DEBUG=1",
					"$(inherited)",
				);
				GCC_WARN_64_TO_32_BIT_CONVERSION = YES;
				GCC_WARN_ABOUT_RETURN_TYPE = YES_ERROR;
				GCC_WARN_UNDECLARED_SELECTOR = YES;
				GCC_WARN_UNINITIALIZED_AUTOS = YES_AGGRESSIVE;
				GCC_WARN_UNUSED_FUNCTION = YES;
				GCC_WARN_UNUSED_VARIABLE = YES;
				IPHONEOS_DEPLOYMENT_TARGET = 16.4;
				MTL_ENABLE_DEBUG_INFO = INCLUDE_SOURCE;
				MTL_FAST_MATH = YES;
				ONLY_ACTIVE_ARCH = YES;
				SDKROOT = iphoneos;
				SWIFT_ACTIVE_COMPILATION_CONDITIONS = DEBUG;
				SWIFT_OPTIMIZATION_LEVEL = "-Onone";
			};
			name = Debug;
		};
		F62FC83A2A326FE3000868D1 /* Release */ = {
			isa = XCBuildConfiguration;
			buildSettings = {
				ALWAYS_SEARCH_USER_PATHS = NO;
				CLANG_ANALYZER_NONNULL = YES;
				CLANG_ANALYZER_NUMBER_OBJECT_CONVERSION = YES_AGGRESSIVE;
				CLANG_CXX_LANGUAGE_STANDARD = "gnu++20";
				CLANG_ENABLE_MODULES = YES;
				CLANG_ENABLE_OBJC_ARC = YES;
				CLANG_ENABLE_OBJC_WEAK = YES;
				CLANG_WARN_BLOCK_CAPTURE_AUTORELEASING = YES;
				CLANG_WARN_BOOL_CONVERSION = YES;
				CLANG_WARN_COMMA = YES;
				CLANG_WARN_CONSTANT_CONVERSION = YES;
				CLANG_WARN_DEPRECATED_OBJC_IMPLEMENTATIONS = YES;
				CLANG_WARN_DIRECT_OBJC_ISA_USAGE = YES_ERROR;
				CLANG_WARN_DOCUMENTATION_COMMENTS = YES;
				CLANG_WARN_EMPTY_BODY = YES;
				CLANG_WARN_ENUM_CONVERSION = YES;
				CLANG_WARN_INFINITE_RECURSION = YES;
				CLANG_WARN_INT_CONVERSION = YES;
				CLANG_WARN_NON_LITERAL_NULL_CONVERSION = YES;
				CLANG_WARN_OBJC_IMPLICIT_RETAIN_SELF = YES;
				CLANG_WARN_OBJC_LITERAL_CONVERSION = YES;
				CLANG_WARN_OBJC_ROOT_CLASS = YES_ERROR;
				CLANG_WARN_QUOTED_INCLUDE_IN_FRAMEWORK_HEADER = YES;
				CLANG_WARN_RANGE_LOOP_ANALYSIS = YES;
				CLANG_WARN_STRICT_PROTOTYPES = YES;
				CLANG_WARN_SUSPICIOUS_MOVE = YES;
				CLANG_WARN_UNGUARDED_AVAILABILITY = YES_AGGRESSIVE;
				CLANG_WARN_UNREACHABLE_CODE = YES;
				CLANG_WARN__DUPLICATE_METHOD_MATCH = YES;
				COPY_PHASE_STRIP = NO;
				DEBUG_INFORMATION_FORMAT = "dwarf-with-dsym";
				ENABLE_NS_ASSERTIONS = NO;
				ENABLE_STRICT_OBJC_MSGSEND = YES;
				GCC_C_LANGUAGE_STANDARD = gnu11;
				GCC_NO_COMMON_BLOCKS = YES;
				GCC_WARN_64_TO_32_BIT_CONVERSION = YES;
				GCC_WARN_ABOUT_RETURN_TYPE = YES_ERROR;
				GCC_WARN_UNDECLARED_SELECTOR = YES;
				GCC_WARN_UNINITIALIZED_AUTOS = YES_AGGRESSIVE;
				GCC_WARN_UNUSED_FUNCTION = YES;
				GCC_WARN_UNUSED_VARIABLE = YES;
				IPHONEOS_DEPLOYMENT_TARGET = 16.4;
				MTL_ENABLE_DEBUG_INFO = NO;
				MTL_FAST_MATH = YES;
				SDKROOT = iphoneos;
				SWIFT_COMPILATION_MODE = wholemodule;
				SWIFT_OPTIMIZATION_LEVEL = "-O";
				VALIDATE_PRODUCT = YES;
			};
			name = Release;
		};
		F62FC83C2A326FE3000868D1 /* Debug */ = {
			isa = XCBuildConfiguration;
			baseConfigurationReference = 00B36227F23598803E83691C /* Pods-myApp.debug.xcconfig */;
			buildSettings = {
				ASSETCATALOG_COMPILER_APPICON_NAME = AppIcon;
				ASSETCATALOG_COMPILER_GLOBAL_ACCENT_COLOR_NAME = AccentColor;
				CODE_SIGN_STYLE = Automatic;
				CURRENT_PROJECT_VERSION = 1;
				DEVELOPMENT_ASSET_PATHS = "\"myApp/Preview Content\"";
				DEVELOPMENT_TEAM = 9495ZGT5QK;
				ENABLE_PREVIEWS = YES;
				GENERATE_INFOPLIST_FILE = YES;
				INFOPLIST_FILE = myApp/Info.plist;
				INFOPLIST_KEY_UIApplicationSceneManifest_Generation = YES;
				INFOPLIST_KEY_UIApplicationSupportsIndirectInputEvents = YES;
				INFOPLIST_KEY_UILaunchScreen_Generation = YES;
				INFOPLIST_KEY_UISupportedInterfaceOrientations = UIInterfaceOrientationPortrait;
				INFOPLIST_KEY_UISupportedInterfaceOrientations_iPad = "UIInterfaceOrientationLandscapeLeft UIInterfaceOrientationLandscapeRight UIInterfaceOrientationPortrait UIInterfaceOrientationPortraitUpsideDown";
				LD_RUNPATH_SEARCH_PATHS = (
					"$(inherited)",
					"@executable_path/Frameworks",
				);
				MARKETING_VERSION = 1.0;
				PRODUCT_BUNDLE_IDENTIFIER = com.kub.myApp;
				PRODUCT_NAME = "$(TARGET_NAME)";
				SWIFT_EMIT_LOC_STRINGS = YES;
				SWIFT_VERSION = 5.0;
				TARGETED_DEVICE_FAMILY = "1,2";
			};
			name = Debug;
		};
		F62FC83D2A326FE3000868D1 /* Release */ = {
			isa = XCBuildConfiguration;
			baseConfigurationReference = 43171CB3B4A7C7E6E95357C9 /* Pods-myApp.release.xcconfig */;
			buildSettings = {
				ASSETCATALOG_COMPILER_APPICON_NAME = AppIcon;
				ASSETCATALOG_COMPILER_GLOBAL_ACCENT_COLOR_NAME = AccentColor;
				CODE_SIGN_STYLE = Automatic;
				CURRENT_PROJECT_VERSION = 1;
				DEVELOPMENT_ASSET_PATHS = "\"myApp/Preview Content\"";
				DEVELOPMENT_TEAM = 9495ZGT5QK;
				ENABLE_PREVIEWS = YES;
				GENERATE_INFOPLIST_FILE = YES;
				INFOPLIST_FILE = myApp/Info.plist;
				INFOPLIST_KEY_UIApplicationSceneManifest_Generation = YES;
				INFOPLIST_KEY_UIApplicationSupportsIndirectInputEvents = YES;
				INFOPLIST_KEY_UILaunchScreen_Generation = YES;
				INFOPLIST_KEY_UISupportedInterfaceOrientations = UIInterfaceOrientationPortrait;
				INFOPLIST_KEY_UISupportedInterfaceOrientations_iPad = "UIInterfaceOrientationLandscapeLeft UIInterfaceOrientationLandscapeRight UIInterfaceOrientationPortrait UIInterfaceOrientationPortraitUpsideDown";
				LD_RUNPATH_SEARCH_PATHS = (
					"$(inherited)",
					"@executable_path/Frameworks",
				);
				MARKETING_VERSION = 1.0;
				PRODUCT_BUNDLE_IDENTIFIER = com.kub.myApp;
				PRODUCT_NAME = "$(TARGET_NAME)";
				SWIFT_EMIT_LOC_STRINGS = YES;
				SWIFT_VERSION = 5.0;
				TARGETED_DEVICE_FAMILY = "1,2";
			};
			name = Release;
		};
/* End XCBuildConfiguration section */

/* Begin XCConfigurationList section */
		F62FC8282A326FE3000868D1 /* Build configuration list for PBXProject "myApp" */ = {
			isa = XCConfigurationList;
			buildConfigurations = (
				F62FC8392A326FE3000868D1 /* Debug */,
				F62FC83A2A326FE3000868D1 /* Release */,
			);
			defaultConfigurationIsVisible = 0;
			defaultConfigurationName = Release;
		};
		F62FC83B2A326FE3000868D1 /* Build configuration list for PBXNativeTarget "myApp" */ = {
			isa = XCConfigurationList;
			buildConfigurations = (
				F62FC83C2A326FE3000868D1 /* Debug */,
				F62FC83D2A326FE3000868D1 /* Release */,
			);
			defaultConfigurationIsVisible = 0;
			defaultConfigurationName = Release;
		};
/* End XCConfigurationList section */

/* Begin XCRemoteSwiftPackageReference section */
		F67179632A6584C500A37402 /* XCRemoteSwiftPackageReference "GoogleSignIn-iOS" */ = {
			isa = XCRemoteSwiftPackageReference;
			repositoryURL = "https://github.com/google/GoogleSignIn-iOS";
			requirement = {
				kind = upToNextMajorVersion;
				minimumVersion = 7.0.0;
			};
		};
/* End XCRemoteSwiftPackageReference section */

/* Begin XCSwiftPackageProductDependency section */
		F67179642A6584C500A37402 /* GoogleSignIn */ = {
			isa = XCSwiftPackageProductDependency;
			package = F67179632A6584C500A37402 /* XCRemoteSwiftPackageReference "GoogleSignIn-iOS" */;
			productName = GoogleSignIn;
		};
		F67179662A6584C500A37402 /* GoogleSignInSwift */ = {
			isa = XCSwiftPackageProductDependency;
			package = F67179632A6584C500A37402 /* XCRemoteSwiftPackageReference "GoogleSignIn-iOS" */;
			productName = GoogleSignInSwift;
		};
/* End XCSwiftPackageProductDependency section */

/* Begin XCVersionGroup section */
		F623B0722A37BA1000289A17 /* ExampleDatabase.xcdatamodeld */ = {
			isa = XCVersionGroup;
			children = (
				F623B0732A37BA1000289A17 /* ExampleDatabase.xcdatamodel */,
			);
			currentVersion = F623B0732A37BA1000289A17 /* ExampleDatabase.xcdatamodel */;
			path = ExampleDatabase.xcdatamodeld;
			sourceTree = "<group>";
			versionGroupType = wrapper.xcdatamodel;
		};
/* End XCVersionGroup section */
	};
	rootObject = F62FC8252A326FE3000868D1 /* Project object */;
}
