// !$*UTF8*$!
{
	archiveVersion = 1;
	classes = {
	};
	objectVersion = 56;
	objects = {

/* Begin PBXBuildFile section */
		F623B0742A37BA1000289A17 /* ExampleDatabase.xcdatamodeld in Sources */ = {isa = PBXBuildFile; fileRef = F623B0722A37BA1000289A17 /* ExampleDatabase.xcdatamodeld */; };
		F623B0772A37BABC00289A17 /* FetchedObjects.swift in Sources */ = {isa = PBXBuildFile; fileRef = F623B0752A37BABC00289A17 /* FetchedObjects.swift */; };
		F623B0782A37BABC00289A17 /* Persistence.swift in Sources */ = {isa = PBXBuildFile; fileRef = F623B0762A37BABC00289A17 /* Persistence.swift */; };
		F623B0812A39BA2E00289A17 /* MenuItemDetailsView.swift in Sources */ = {isa = PBXBuildFile; fileRef = F623B0802A39BA2E00289A17 /* MenuItemDetailsView.swift */; };
		F623B0832A39D3B200289A17 /* DishEntity+CoreDataProperties.swift in Sources */ = {isa = PBXBuildFile; fileRef = F623B0822A39D3B200289A17 /* DishEntity+CoreDataProperties.swift */; };
		F623B0852A39D43700289A17 /* DishEntity+CoreDataClass.swift in Sources */ = {isa = PBXBuildFile; fileRef = F623B0842A39D43700289A17 /* DishEntity+CoreDataClass.swift */; };
		F62FC8312A326FE3000868D1 /* myAppApp.swift in Sources */ = {isa = PBXBuildFile; fileRef = F62FC8302A326FE3000868D1 /* myAppApp.swift */; };
		F62FC8352A326FE3000868D1 /* Assets.xcassets in Resources */ = {isa = PBXBuildFile; fileRef = F62FC8342A326FE3000868D1 /* Assets.xcassets */; };
		F62FC8382A326FE3000868D1 /* Preview Assets.xcassets in Resources */ = {isa = PBXBuildFile; fileRef = F62FC8372A326FE3000868D1 /* Preview Assets.xcassets */; };
		F662FBE82A3C7D5B00EB8C04 /* Header.swift in Sources */ = {isa = PBXBuildFile; fileRef = F662FBE72A3C7D5B00EB8C04 /* Header.swift */; };
		F662FBEA2A3C7D8000EB8C04 /* MenuBreakdown.swift in Sources */ = {isa = PBXBuildFile; fileRef = F662FBE92A3C7D8000EB8C04 /* MenuBreakdown.swift */; };
		F662FBED2A3C7F4500EB8C04 /* ViewModel.swift in Sources */ = {isa = PBXBuildFile; fileRef = F662FBEC2A3C7F4500EB8C04 /* ViewModel.swift */; };
		F66FC3E72A3B161400CB02C7 /* FoodMenuList.swift in Sources */ = {isa = PBXBuildFile; fileRef = F66FC3E62A3B161400CB02C7 /* FoodMenuList.swift */; };
		F66FC3E92A3B527400CB02C7 /* Hero.swift in Sources */ = {isa = PBXBuildFile; fileRef = F66FC3E82A3B527400CB02C7 /* Hero.swift */; };
		F6A2C0B42A34FDFA005E31D4 /* Onboarding.swift in Sources */ = {isa = PBXBuildFile; fileRef = F6A2C0B32A34FDFA005E31D4 /* Onboarding.swift */; };
		F6BDE2202A366E8000FCE795 /* MarkaziText2.ttf in Resources */ = {isa = PBXBuildFile; fileRef = F6BDE21F2A366E8000FCE795 /* MarkaziText2.ttf */; };
		F6BDE2242A3670AA00FCE795 /* Karla-Regular.ttf in Resources */ = {isa = PBXBuildFile; fileRef = F6BDE2232A3670AA00FCE795 /* Karla-Regular.ttf */; };
		F6BDE2262A3728FE00FCE795 /* Home.swift in Sources */ = {isa = PBXBuildFile; fileRef = F6BDE2252A3728FE00FCE795 /* Home.swift */; };
		F6BDE2282A37294200FCE795 /* Menu.swift in Sources */ = {isa = PBXBuildFile; fileRef = F6BDE2272A37294200FCE795 /* Menu.swift */; };
		F6BDE22B2A37486B00FCE795 /* UserProfile.swift in Sources */ = {isa = PBXBuildFile; fileRef = F6BDE22A2A37486B00FCE795 /* UserProfile.swift */; };
		F6BDE2322A379CC000FCE795 /* Model.swift in Sources */ = {isa = PBXBuildFile; fileRef = F6BDE2312A379CC000FCE795 /* Model.swift */; };
/* End PBXBuildFile section */

/* Begin PBXFileReference section */
		F623B0732A37BA1000289A17 /* ExampleDatabase.xcdatamodel */ = {isa = PBXFileReference; lastKnownFileType = wrapper.xcdatamodel; path = ExampleDatabase.xcdatamodel; sourceTree = "<group>"; };
		F623B0752A37BABC00289A17 /* FetchedObjects.swift */ = {isa = PBXFileReference; fileEncoding = 4; lastKnownFileType = sourcecode.swift; path = FetchedObjects.swift; sourceTree = "<group>"; };
		F623B0762A37BABC00289A17 /* Persistence.swift */ = {isa = PBXFileReference; fileEncoding = 4; lastKnownFileType = sourcecode.swift; path = Persistence.swift; sourceTree = "<group>"; };
		F623B0802A39BA2E00289A17 /* MenuItemDetailsView.swift */ = {isa = PBXFileReference; lastKnownFileType = sourcecode.swift; path = MenuItemDetailsView.swift; sourceTree = "<group>"; };
		F623B0822A39D3B200289A17 /* DishEntity+CoreDataProperties.swift */ = {isa = PBXFileReference; lastKnownFileType = sourcecode.swift; path = "DishEntity+CoreDataProperties.swift"; sourceTree = "<group>"; };
		F623B0842A39D43700289A17 /* DishEntity+CoreDataClass.swift */ = {isa = PBXFileReference; fileEncoding = 4; lastKnownFileType = sourcecode.swift; path = "DishEntity+CoreDataClass.swift"; sourceTree = "<group>"; };
		F62FC82D2A326FE3000868D1 /* myApp.app */ = {isa = PBXFileReference; explicitFileType = wrapper.application; includeInIndex = 0; path = myApp.app; sourceTree = BUILT_PRODUCTS_DIR; };
		F62FC8302A326FE3000868D1 /* myAppApp.swift */ = {isa = PBXFileReference; lastKnownFileType = sourcecode.swift; path = myAppApp.swift; sourceTree = "<group>"; };
		F62FC8342A326FE3000868D1 /* Assets.xcassets */ = {isa = PBXFileReference; lastKnownFileType = folder.assetcatalog; path = Assets.xcassets; sourceTree = "<group>"; };
		F62FC8372A326FE3000868D1 /* Preview Assets.xcassets */ = {isa = PBXFileReference; lastKnownFileType = folder.assetcatalog; path = "Preview Assets.xcassets"; sourceTree = "<group>"; };
		F662FBE72A3C7D5B00EB8C04 /* Header.swift */ = {isa = PBXFileReference; lastKnownFileType = sourcecode.swift; path = Header.swift; sourceTree = "<group>"; };
		F662FBE92A3C7D8000EB8C04 /* MenuBreakdown.swift */ = {isa = PBXFileReference; lastKnownFileType = sourcecode.swift; path = MenuBreakdown.swift; sourceTree = "<group>"; };
		F662FBEC2A3C7F4500EB8C04 /* ViewModel.swift */ = {isa = PBXFileReference; lastKnownFileType = sourcecode.swift; path = ViewModel.swift; sourceTree = "<group>"; };
		F66FC3E62A3B161400CB02C7 /* FoodMenuList.swift */ = {isa = PBXFileReference; lastKnownFileType = sourcecode.swift; path = FoodMenuList.swift; sourceTree = "<group>"; };
		F66FC3E82A3B527400CB02C7 /* Hero.swift */ = {isa = PBXFileReference; lastKnownFileType = sourcecode.swift; path = Hero.swift; sourceTree = "<group>"; };
		F6A2C0B32A34FDFA005E31D4 /* Onboarding.swift */ = {isa = PBXFileReference; lastKnownFileType = sourcecode.swift; path = Onboarding.swift; sourceTree = "<group>"; };
		F6BDE21E2A366CBC00FCE795 /* Info.plist */ = {isa = PBXFileReference; lastKnownFileType = text.plist; path = Info.plist; sourceTree = "<group>"; };
		F6BDE21F2A366E8000FCE795 /* MarkaziText2.ttf */ = {isa = PBXFileReference; lastKnownFileType = file; path = MarkaziText2.ttf; sourceTree = "<group>"; };
		F6BDE2232A3670AA00FCE795 /* Karla-Regular.ttf */ = {isa = PBXFileReference; lastKnownFileType = file; path = "Karla-Regular.ttf"; sourceTree = "<group>"; };
		F6BDE2252A3728FE00FCE795 /* Home.swift */ = {isa = PBXFileReference; lastKnownFileType = sourcecode.swift; path = Home.swift; sourceTree = "<group>"; };
		F6BDE2272A37294200FCE795 /* Menu.swift */ = {isa = PBXFileReference; lastKnownFileType = sourcecode.swift; path = Menu.swift; sourceTree = "<group>"; };
		F6BDE22A2A37486B00FCE795 /* UserProfile.swift */ = {isa = PBXFileReference; lastKnownFileType = sourcecode.swift; path = UserProfile.swift; sourceTree = "<group>"; };
		F6BDE2312A379CC000FCE795 /* Model.swift */ = {isa = PBXFileReference; lastKnownFileType = sourcecode.swift; path = Model.swift; sourceTree = "<group>"; };
/* End PBXFileReference section */

/* Begin PBXFrameworksBuildPhase section */
		F62FC82A2A326FE3000868D1 /* Frameworks */ = {
			isa = PBXFrameworksBuildPhase;
			buildActionMask = 2147483647;
			files = (
			);
			runOnlyForDeploymentPostprocessing = 0;
		};
/* End PBXFrameworksBuildPhase section */

/* Begin PBXGroup section */
		F623B06F2A379CFF00289A17 /* Model */ = {
			isa = PBXGroup;
			children = (
				F6BDE2312A379CC000FCE795 /* Model.swift */,
				F623B0792A37BAF600289A17 /* DB */,
			);
			path = Model;
			sourceTree = "<group>";
		};
		F623B0792A37BAF600289A17 /* DB */ = {
			isa = PBXGroup;
			children = (
				F623B0822A39D3B200289A17 /* DishEntity+CoreDataProperties.swift */,
				F623B0752A37BABC00289A17 /* FetchedObjects.swift */,
				F623B0762A37BABC00289A17 /* Persistence.swift */,
				F623B0842A39D43700289A17 /* DishEntity+CoreDataClass.swift */,
				F623B0722A37BA1000289A17 /* ExampleDatabase.xcdatamodeld */,
			);
			path = DB;
			sourceTree = "<group>";
		};
		F62FC8242A326FE3000868D1 = {
			isa = PBXGroup;
			children = (
				F62FC82F2A326FE3000868D1 /* myApp */,
				F62FC82E2A326FE3000868D1 /* Products */,
			);
			sourceTree = "<group>";
		};
		F62FC82E2A326FE3000868D1 /* Products */ = {
			isa = PBXGroup;
			children = (
				F62FC82D2A326FE3000868D1 /* myApp.app */,
			);
			name = Products;
			sourceTree = "<group>";
		};
		F62FC82F2A326FE3000868D1 /* myApp */ = {
			isa = PBXGroup;
			children = (
				F62FC8302A326FE3000868D1 /* myAppApp.swift */,
				F6BDE2292A37294B00FCE795 /* View */,
				F662FBEE2A3C7FE100EB8C04 /* ViewModel */,
				F623B06F2A379CFF00289A17 /* Model */,
				F6BDE2222A36705900FCE795 /* font */,
				F6BDE21E2A366CBC00FCE795 /* Info.plist */,
				F62FC8342A326FE3000868D1 /* Assets.xcassets */,
				F62FC8362A326FE3000868D1 /* Preview Content */,
			);
			path = myApp;
			sourceTree = "<group>";
		};
		F62FC8362A326FE3000868D1 /* Preview Content */ = {
			isa = PBXGroup;
			children = (
				F62FC8372A326FE3000868D1 /* Preview Assets.xcassets */,
			);
			path = "Preview Content";
			sourceTree = "<group>";
		};
		F662FBEB2A3C7E0900EB8C04 /* MenuView */ = {
			isa = PBXGroup;
			children = (
				F6BDE2272A37294200FCE795 /* Menu.swift */,
				F623B0802A39BA2E00289A17 /* MenuItemDetailsView.swift */,
				F66FC3E82A3B527400CB02C7 /* Hero.swift */,
				F66FC3E62A3B161400CB02C7 /* FoodMenuList.swift */,
				F662FBE92A3C7D8000EB8C04 /* MenuBreakdown.swift */,
			);
			path = MenuView;
			sourceTree = "<group>";
		};
		F662FBEE2A3C7FE100EB8C04 /* ViewModel */ = {
			isa = PBXGroup;
			children = (
				F662FBEC2A3C7F4500EB8C04 /* ViewModel.swift */,
			);
			path = ViewModel;
			sourceTree = "<group>";
		};
		F6BDE2222A36705900FCE795 /* font */ = {
			isa = PBXGroup;
			children = (
				F6BDE2232A3670AA00FCE795 /* Karla-Regular.ttf */,
				F6BDE21F2A366E8000FCE795 /* MarkaziText2.ttf */,
			);
			path = font;
			sourceTree = "<group>";
		};
		F6BDE2292A37294B00FCE795 /* View */ = {
			isa = PBXGroup;
			children = (
				F6A2C0B32A34FDFA005E31D4 /* Onboarding.swift */,
				F6BDE2252A3728FE00FCE795 /* Home.swift */,
				F662FBE72A3C7D5B00EB8C04 /* Header.swift */,
				F6BDE22A2A37486B00FCE795 /* UserProfile.swift */,
				F662FBEB2A3C7E0900EB8C04 /* MenuView */,
			);
			path = View;
			sourceTree = "<group>";
		};
/* End PBXGroup section */

/* Begin PBXNativeTarget section */
		F62FC82C2A326FE3000868D1 /* myApp */ = {
			isa = PBXNativeTarget;
			buildConfigurationList = F62FC83B2A326FE3000868D1 /* Build configuration list for PBXNativeTarget "myApp" */;
			buildPhases = (
				F62FC8292A326FE3000868D1 /* Sources */,
				F62FC82A2A326FE3000868D1 /* Frameworks */,
				F62FC82B2A326FE3000868D1 /* Resources */,
			);
			buildRules = (
			);
			dependencies = (
			);
			name = myApp;
			productName = myApp;
			productReference = F62FC82D2A326FE3000868D1 /* myApp.app */;
			productType = "com.apple.product-type.application";
		};
/* End PBXNativeTarget section */

/* Begin PBXProject section */
		F62FC8252A326FE3000868D1 /* Project object */ = {
			isa = PBXProject;
			attributes = {
				BuildIndependentTargetsInParallel = 1;
				LastSwiftUpdateCheck = 1430;
				LastUpgradeCheck = 1430;
				TargetAttributes = {
					F62FC82C2A326FE3000868D1 = {
						CreatedOnToolsVersion = 14.3.1;
					};
				};
			};
			buildConfigurationList = F62FC8282A326FE3000868D1 /* Build configuration list for PBXProject "myApp" */;
			compatibilityVersion = "Xcode 14.0";
			developmentRegion = en;
			hasScannedForEncodings = 0;
			knownRegions = (
				en,
				Base,
			);
			mainGroup = F62FC8242A326FE3000868D1;
			productRefGroup = F62FC82E2A326FE3000868D1 /* Products */;
			projectDirPath = "";
			projectRoot = "";
			targets = (
				F62FC82C2A326FE3000868D1 /* myApp */,
			);
		};
/* End PBXProject section */

/* Begin PBXResourcesBuildPhase section */
		F62FC82B2A326FE3000868D1 /* Resources */ = {
			isa = PBXResourcesBuildPhase;
			buildActionMask = 2147483647;
			files = (
				F6BDE2202A366E8000FCE795 /* MarkaziText2.ttf in Resources */,
				F62FC8382A326FE3000868D1 /* Preview Assets.xcassets in Resources */,
				F62FC8352A326FE3000868D1 /* Assets.xcassets in Resources */,
				F6BDE2242A3670AA00FCE795 /* Karla-Regular.ttf in Resources */,
			);
			runOnlyForDeploymentPostprocessing = 0;
		};
/* End PBXResourcesBuildPhase section */

/* Begin PBXSourcesBuildPhase section */
		F62FC8292A326FE3000868D1 /* Sources */ = {
			isa = PBXSourcesBuildPhase;
			buildActionMask = 2147483647;
			files = (
				F662FBEA2A3C7D8000EB8C04 /* MenuBreakdown.swift in Sources */,
				F623B0782A37BABC00289A17 /* Persistence.swift in Sources */,
				F623B0832A39D3B200289A17 /* DishEntity+CoreDataProperties.swift in Sources */,
				F623B0852A39D43700289A17 /* DishEntity+CoreDataClass.swift in Sources */,
				F6BDE2322A379CC000FCE795 /* Model.swift in Sources */,
				F6BDE2282A37294200FCE795 /* Menu.swift in Sources */,
				F662FBED2A3C7F4500EB8C04 /* ViewModel.swift in Sources */,
				F66FC3E72A3B161400CB02C7 /* FoodMenuList.swift in Sources */,
				F6BDE22B2A37486B00FCE795 /* UserProfile.swift in Sources */,
				F623B0812A39BA2E00289A17 /* MenuItemDetailsView.swift in Sources */,
				F623B0742A37BA1000289A17 /* ExampleDatabase.xcdatamodeld in Sources */,
				F623B0772A37BABC00289A17 /* FetchedObjects.swift in Sources */,
				F662FBE82A3C7D5B00EB8C04 /* Header.swift in Sources */,
				F62FC8312A326FE3000868D1 /* myAppApp.swift in Sources */,
				F66FC3E92A3B527400CB02C7 /* Hero.swift in Sources */,
				F6BDE2262A3728FE00FCE795 /* Home.swift in Sources */,
				F6A2C0B42A34FDFA005E31D4 /* Onboarding.swift in Sources */,
			);
			runOnlyForDeploymentPostprocessing = 0;
		};
/* End PBXSourcesBuildPhase section */

/* Begin XCBuildConfiguration section */
		F62FC8392A326FE3000868D1 /* Debug */ = {
			isa = XCBuildConfiguration;
			buildSettings = {
				ALWAYS_SEARCH_USER_PATHS = NO;
				CLANG_ANALYZER_NONNULL = YES;
				CLANG_ANALYZER_NUMBER_OBJECT_CONVERSION = YES_AGGRESSIVE;
				CLANG_CXX_LANGUAGE_STANDARD = "gnu++20";
				CLANG_ENABLE_MODULES = YES;
				CLANG_ENABLE_OBJC_ARC = YES;
				CLANG_ENABLE_OBJC_WEAK = YES;
				CLANG_WARN_BLOCK_CAPTURE_AUTORELEASING = YES;
				CLANG_WARN_BOOL_CONVERSION = YES;
				CLANG_WARN_COMMA = YES;
				CLANG_WARN_CONSTANT_CONVERSION = YES;
				CLANG_WARN_DEPRECATED_OBJC_IMPLEMENTATIONS = YES;
				CLANG_WARN_DIRECT_OBJC_ISA_USAGE = YES_ERROR;
				CLANG_WARN_DOCUMENTATION_COMMENTS = YES;
				CLANG_WARN_EMPTY_BODY = YES;
				CLANG_WARN_ENUM_CONVERSION = YES;
				CLANG_WARN_INFINITE_RECURSION = YES;
				CLANG_WARN_INT_CONVERSION = YES;
				CLANG_WARN_NON_LITERAL_NULL_CONVERSION = YES;
				CLANG_WARN_OBJC_IMPLICIT_RETAIN_SELF = YES;
				CLANG_WARN_OBJC_LITERAL_CONVERSION = YES;
				CLANG_WARN_OBJC_ROOT_CLASS = YES_ERROR;
				CLANG_WARN_QUOTED_INCLUDE_IN_FRAMEWORK_HEADER = YES;
				CLANG_WARN_RANGE_LOOP_ANALYSIS = YES;
				CLANG_WARN_STRICT_PROTOTYPES = YES;
				CLANG_WARN_SUSPICIOUS_MOVE = YES;
				CLANG_WARN_UNGUARDED_AVAILABILITY = YES_AGGRESSIVE;
				CLANG_WARN_UNREACHABLE_CODE = YES;
				CLANG_WARN__DUPLICATE_METHOD_MATCH = YES;
				COPY_PHASE_STRIP = NO;
				DEBUG_INFORMATION_FORMAT = dwarf;
				ENABLE_STRICT_OBJC_MSGSEND = YES;
				ENABLE_TESTABILITY = YES;
				GCC_C_LANGUAGE_STANDARD = gnu11;
				GCC_DYNAMIC_NO_PIC = NO;
				GCC_NO_COMMON_BLOCKS = YES;
				GCC_OPTIMIZATION_LEVEL = 0;
				GCC_PREPROCESSOR_DEFINITIONS = (
					"DEBUG=1",
					"$(inherited)",
				);
				GCC_WARN_64_TO_32_BIT_CONVERSION = YES;
				GCC_WARN_ABOUT_RETURN_TYPE = YES_ERROR;
				GCC_WARN_UNDECLARED_SELECTOR = YES;
				GCC_WARN_UNINITIALIZED_AUTOS = YES_AGGRESSIVE;
				GCC_WARN_UNUSED_FUNCTION = YES;
				GCC_WARN_UNUSED_VARIABLE = YES;
				IPHONEOS_DEPLOYMENT_TARGET = 16.4;
				MTL_ENABLE_DEBUG_INFO = INCLUDE_SOURCE;
				MTL_FAST_MATH = YES;
				ONLY_ACTIVE_ARCH = YES;
				SDKROOT = iphoneos;
				SWIFT_ACTIVE_COMPILATION_CONDITIONS = DEBUG;
				SWIFT_OPTIMIZATION_LEVEL = "-Onone";
			};
			name = Debug;
		};
		F62FC83A2A326FE3000868D1 /* Release */ = {
			isa = XCBuildConfiguration;
			buildSettings = {
				ALWAYS_SEARCH_USER_PATHS = NO;
				CLANG_ANALYZER_NONNULL = YES;
				CLANG_ANALYZER_NUMBER_OBJECT_CONVERSION = YES_AGGRESSIVE;
				CLANG_CXX_LANGUAGE_STANDARD = "gnu++20";
				CLANG_ENABLE_MODULES = YES;
				CLANG_ENABLE_OBJC_ARC = YES;
				CLANG_ENABLE_OBJC_WEAK = YES;
				CLANG_WARN_BLOCK_CAPTURE_AUTORELEASING = YES;
				CLANG_WARN_BOOL_CONVERSION = YES;
				CLANG_WARN_COMMA = YES;
				CLANG_WARN_CONSTANT_CONVERSION = YES;
				CLANG_WARN_DEPRECATED_OBJC_IMPLEMENTATIONS = YES;
				CLANG_WARN_DIRECT_OBJC_ISA_USAGE = YES_ERROR;
				CLANG_WARN_DOCUMENTATION_COMMENTS = YES;
				CLANG_WARN_EMPTY_BODY = YES;
				CLANG_WARN_ENUM_CONVERSION = YES;
				CLANG_WARN_INFINITE_RECURSION = YES;
				CLANG_WARN_INT_CONVERSION = YES;
				CLANG_WARN_NON_LITERAL_NULL_CONVERSION = YES;
				CLANG_WARN_OBJC_IMPLICIT_RETAIN_SELF = YES;
				CLANG_WARN_OBJC_LITERAL_CONVERSION = YES;
				CLANG_WARN_OBJC_ROOT_CLASS = YES_ERROR;
				CLANG_WARN_QUOTED_INCLUDE_IN_FRAMEWORK_HEADER = YES;
				CLANG_WARN_RANGE_LOOP_ANALYSIS = YES;
				CLANG_WARN_STRICT_PROTOTYPES = YES;
				CLANG_WARN_SUSPICIOUS_MOVE = YES;
				CLANG_WARN_UNGUARDED_AVAILABILITY = YES_AGGRESSIVE;
				CLANG_WARN_UNREACHABLE_CODE = YES;
				CLANG_WARN__DUPLICATE_METHOD_MATCH = YES;
				COPY_PHASE_STRIP = NO;
				DEBUG_INFORMATION_FORMAT = "dwarf-with-dsym";
				ENABLE_NS_ASSERTIONS = NO;
				ENABLE_STRICT_OBJC_MSGSEND = YES;
				GCC_C_LANGUAGE_STANDARD = gnu11;
				GCC_NO_COMMON_BLOCKS = YES;
				GCC_WARN_64_TO_32_BIT_CONVERSION = YES;
				GCC_WARN_ABOUT_RETURN_TYPE = YES_ERROR;
				GCC_WARN_UNDECLARED_SELECTOR = YES;
				GCC_WARN_UNINITIALIZED_AUTOS = YES_AGGRESSIVE;
				GCC_WARN_UNUSED_FUNCTION = YES;
				GCC_WARN_UNUSED_VARIABLE = YES;
				IPHONEOS_DEPLOYMENT_TARGET = 16.4;
				MTL_ENABLE_DEBUG_INFO = NO;
				MTL_FAST_MATH = YES;
				SDKROOT = iphoneos;
				SWIFT_COMPILATION_MODE = wholemodule;
				SWIFT_OPTIMIZATION_LEVEL = "-O";
				VALIDATE_PRODUCT = YES;
			};
			name = Release;
		};
		F62FC83C2A326FE3000868D1 /* Debug */ = {
			isa = XCBuildConfiguration;
			buildSettings = {
				ASSETCATALOG_COMPILER_APPICON_NAME = AppIcon;
				ASSETCATALOG_COMPILER_GLOBAL_ACCENT_COLOR_NAME = AccentColor;
				CODE_SIGN_STYLE = Automatic;
				CURRENT_PROJECT_VERSION = 1;
				DEVELOPMENT_ASSET_PATHS = "\"myApp/Preview Content\"";
				DEVELOPMENT_TEAM = 9495ZGT5QK;
				ENABLE_PREVIEWS = YES;
				GENERATE_INFOPLIST_FILE = YES;
				INFOPLIST_FILE = myApp/Info.plist;
				INFOPLIST_KEY_UIApplicationSceneManifest_Generation = YES;
				INFOPLIST_KEY_UIApplicationSupportsIndirectInputEvents = YES;
				INFOPLIST_KEY_UILaunchScreen_Generation = YES;
				INFOPLIST_KEY_UISupportedInterfaceOrientations = UIInterfaceOrientationPortrait;
				INFOPLIST_KEY_UISupportedInterfaceOrientations_iPad = "UIInterfaceOrientationLandscapeLeft UIInterfaceOrientationLandscapeRight UIInterfaceOrientationPortrait UIInterfaceOrientationPortraitUpsideDown";
				LD_RUNPATH_SEARCH_PATHS = (
					"$(inherited)",
					"@executable_path/Frameworks",
				);
				MARKETING_VERSION = 1.0;
				PRODUCT_BUNDLE_IDENTIFIER = com.kub.myApp;
				PRODUCT_NAME = "$(TARGET_NAME)";
				SWIFT_EMIT_LOC_STRINGS = YES;
				SWIFT_VERSION = 5.0;
				TARGETED_DEVICE_FAMILY = "1,2";
			};
			name = Debug;
		};
		F62FC83D2A326FE3000868D1 /* Release */ = {
			isa = XCBuildConfiguration;
			buildSettings = {
				ASSETCATALOG_COMPILER_APPICON_NAME = AppIcon;
				ASSETCATALOG_COMPILER_GLOBAL_ACCENT_COLOR_NAME = AccentColor;
				CODE_SIGN_STYLE = Automatic;
				CURRENT_PROJECT_VERSION = 1;
				DEVELOPMENT_ASSET_PATHS = "\"myApp/Preview Content\"";
				DEVELOPMENT_TEAM = 9495ZGT5QK;
				ENABLE_PREVIEWS = YES;
				GENERATE_INFOPLIST_FILE = YES;
				INFOPLIST_FILE = myApp/Info.plist;
				INFOPLIST_KEY_UIApplicationSceneManifest_Generation = YES;
				INFOPLIST_KEY_UIApplicationSupportsIndirectInputEvents = YES;
				INFOPLIST_KEY_UILaunchScreen_Generation = YES;
				INFOPLIST_KEY_UISupportedInterfaceOrientations = UIInterfaceOrientationPortrait;
				INFOPLIST_KEY_UISupportedInterfaceOrientations_iPad = "UIInterfaceOrientationLandscapeLeft UIInterfaceOrientationLandscapeRight UIInterfaceOrientationPortrait UIInterfaceOrientationPortraitUpsideDown";
				LD_RUNPATH_SEARCH_PATHS = (
					"$(inherited)",
					"@executable_path/Frameworks",
				);
				MARKETING_VERSION = 1.0;
				PRODUCT_BUNDLE_IDENTIFIER = com.kub.myApp;
				PRODUCT_NAME = "$(TARGET_NAME)";
				SWIFT_EMIT_LOC_STRINGS = YES;
				SWIFT_VERSION = 5.0;
				TARGETED_DEVICE_FAMILY = "1,2";
			};
			name = Release;
		};
/* End XCBuildConfiguration section */

/* Begin XCConfigurationList section */
		F62FC8282A326FE3000868D1 /* Build configuration list for PBXProject "myApp" */ = {
			isa = XCConfigurationList;
			buildConfigurations = (
				F62FC8392A326FE3000868D1 /* Debug */,
				F62FC83A2A326FE3000868D1 /* Release */,
			);
			defaultConfigurationIsVisible = 0;
			defaultConfigurationName = Release;
		};
		F62FC83B2A326FE3000868D1 /* Build configuration list for PBXNativeTarget "myApp" */ = {
			isa = XCConfigurationList;
			buildConfigurations = (
				F62FC83C2A326FE3000868D1 /* Debug */,
				F62FC83D2A326FE3000868D1 /* Release */,
			);
			defaultConfigurationIsVisible = 0;
			defaultConfigurationName = Release;
		};
/* End XCConfigurationList section */

/* Begin XCVersionGroup section */
		F623B0722A37BA1000289A17 /* ExampleDatabase.xcdatamodeld */ = {
			isa = XCVersionGroup;
			children = (
				F623B0732A37BA1000289A17 /* ExampleDatabase.xcdatamodel */,
			);
			currentVersion = F623B0732A37BA1000289A17 /* ExampleDatabase.xcdatamodel */;
			path = ExampleDatabase.xcdatamodeld;
			sourceTree = "<group>";
			versionGroupType = wrapper.xcdatamodel;
		};
/* End XCVersionGroup section */
	};
	rootObject = F62FC8252A326FE3000868D1 /* Project object */;
}
